PODS:
  - Ads-CN (5.9.1.6):
    - Ads-CN/BUAdSDK (= 5.9.1.6)
  - Ads-CN/BUAdSDK (5.9.1.6)
  - AFNetworking (4.0.1):
    - AFNetworking/NSURLSession (= 4.0.1)
    - AFNetworking/Reachability (= 4.0.1)
    - AFNetworking/Security (= 4.0.1)
    - AFNetworking/Serialization (= 4.0.1)
    - AFNetworking/UIKit (= 4.0.1)
  - AFNetworking/NSURLSession (4.0.1):
    - AFNetworking/Reachability
    - AFNetworking/Security
    - AFNetworking/Serialization
  - AFNetworking/Reachability (4.0.1)
  - AFNetworking/Security (4.0.1)
  - AFNetworking/Serialization (4.0.1)
  - AFNetworking/UIKit (4.0.1):
    - AFNetworking/NSURLSession
  - BaiduMobAdSDK (5.34)
  - GDTMobSDK (4.14.76):
    - GDTMobSDK/GDTMobSDK (= 4.14.76)
  - GDTMobSDK/GDTMobSDK (4.14.76)
  - KSAdSDK (3.3.61)
  - LookinServer (1.2.8):
    - LookinServer/Core (= 1.2.8)
  - LookinServer/Core (1.2.8)
  - Masonry (1.1.0)
  - SDWebImage (5.19.2):
    - SDWebImage/Core (= 5.19.2)
  - SDWebImage/Core (5.19.2)
  - YFAdsFramework (1.7.1):
    - AFNetworking
    - YFAdsFramework/Core (= 1.7.1)
    - YFAdsFramework/YFBDSDK (= 1.7.1)
    - YFAdsFramework/YFCSJSDK (= 1.7.1)
    - YFAdsFramework/YFKSSDK (= 1.7.1)
    - YFAdsFramework/YFYLHSDK (= 1.7.1)
  - YFAdsFramework/Core (1.7.1):
    - AFNetworking
  - YFAdsFramework/YFBDSDK (1.7.1):
    - AFNetworking
    - BaiduMobAdSDK (= 5.34)
    - YFAdsFramework/Core
  - YFAdsFramework/YFCSJSDK (1.7.1):
    - Ads-CN (= 5.9.1.6)
    - AFNetworking
    - GDTMobSDK (= 4.14.76)
  - YFAdsFramework/YFKSSDK (1.7.1):
    - AFNetworking
    - KSAdSDK (= 3.3.61)
    - YFAdsFramework/Core
  - YFAdsFramework/YFYLHSDK (1.7.1):
    - AFNetworking
    - GDTMobSDK (= 4.14.76)
    - YFAdsFramework/Core

DEPENDENCIES:
  - LookinServer
  - Masonry
  - SDWebImage
  - YFAdsFramework (from `../`)

SPEC REPOS:
  trunk:
    - Ads-CN
    - AFNetworking
    - BaiduMobAdSDK
    - GDTMobSDK
    - KSAdSDK
    - LookinServer
    - Masonry
    - SDWebImage

EXTERNAL SOURCES:
  YFAdsFramework:
    :path: "../"

SPEC CHECKSUMS:
  Ads-CN: 3ff100f798812f564a68bddeb6a0b19fe88999c6
  AFNetworking: 3bd23d814e976cd148d7d44c3ab78017b744cd58
  BaiduMobAdSDK: debcb4e54e00b461ae6b8f6fb8ee232d872cb42e
  GDTMobSDK: 037a4e91a91d277d7864fa0f413599acecc6e8f4
  KSAdSDK: 7754afd132df893c0c7a493fa878cbee7af6ff3c
  LookinServer: 1b2b61c6402ae29fa22182d48f5cd067b4e99e80
  Masonry: 678fab65091a9290e40e2832a55e7ab731aad201
  SDWebImage: dfe95b2466a9823cf9f0c6d01217c06550d7b29a
  YFAdsFramework: b22d06e58d8ad283f4e79ab06bb4cb0e07d48d03

PODFILE CHECKSUM: 18ec7ac463829b76a9954221ea0146263fadb6b5

COCOAPODS: 1.12.1
